PODS:
  - MBProgressHUD (0.9.1)
  - Reachability (3.2)
  - streethawk (1.7.0):
    - streethawk/Beacons (= 1.7.0)
    - streethawk/Core (= 1.7.0)
    - streethawk/Crash (= 1.7.0)
    - streethawk/Feed (= 1.7.0)
    - streethawk/Geofence (= 1.7.0)
    - streethawk/Growth (= 1.7.0)
    - streethawk/Locations (= 1.7.0)
    - streethawk/Push (= 1.7.0)
  - streethawk/Beacons (1.7.0):
    - Reachability
    - streethawk/Core
  - streethawk/Core (1.7.0):
    - MBProgressHUD
    - streethawk/Core/no-arc (= 1.7.0)
  - streethawk/Core/no-arc (1.7.0):
    - MBProgressHUD
  - streethawk/Crash (1.7.0):
    - streethawk/Core
  - streethawk/Feed (1.7.0):
    - streethawk/Core
  - streethawk/Geofence (1.7.0):
    - Reachability
    - streethawk/Core
  - streethawk/Growth (1.7.0):
    - streethawk/Core
  - streethawk/Locations (1.7.0):
    - Reachability
    - streethawk/Core
  - streethawk/Push (1.7.0):
    - streethawk/Core

DEPENDENCIES:
  - streethawk (from `../`)

EXTERNAL SOURCES:
  streethawk:
    :path: ../

SPEC CHECKSUMS:
  MBProgressHUD: c47f2c166c126cf2ce36498d80f33e754d4e93ad
  Reachability: 33e18b67625424e47b6cde6d202dce689ad7af96
  streethawk: 2ab50d4e3096406779daf3d14f814eb21f189951

COCOAPODS: 0.38.2
