PODS:
  - MBProgressHUD (0.9.2)
  - Reachability (3.2)
  - streethawk (1.7.6):
    - streethawk/Beacons (= 1.7.6)
    - streethawk/Core (= 1.7.6)
    - streethawk/Crash (= 1.7.6)
    - streethawk/Feed (= 1.7.6)
    - streethawk/Geofence (= 1.7.6)
    - streethawk/Growth (= 1.7.6)
    - streethawk/Locations (= 1.7.6)
    - streethawk/Push (= 1.7.6)
  - streethawk/Beacons (1.7.6):
    - Reachability
    - streethawk/Core
  - streethawk/Core (1.7.6):
    - MBProgressHUD
    - streethawk/Core/no-arc (= 1.7.6)
  - streethawk/Core/no-arc (1.7.6):
    - MBProgressHUD
  - streethawk/Crash (1.7.6):
    - streethawk/Core
  - streethawk/Feed (1.7.6):
    - streethawk/Core
  - streethawk/Geofence (1.7.6):
    - Reachability
    - streethawk/Core
  - streethawk/Growth (1.7.6):
    - streethawk/Core
  - streethawk/Locations (1.7.6):
    - Reachability
    - streethawk/Core
  - streethawk/Push (1.7.6):
    - streethawk/Core

DEPENDENCIES:
  - streethawk (from `../`)

EXTERNAL SOURCES:
  streethawk:
    :path: ../

SPEC CHECKSUMS:
  MBProgressHUD: 1569cf7ace17a8bac47aabfbb8580a49690386d1
  Reachability: 33e18b67625424e47b6cde6d202dce689ad7af96
  streethawk: 23ad0121a96edf0be4d3ac912be4211e10d22593

COCOAPODS: 0.39.0
