// !$*UTF8*$!
{
	archiveVersion = 1;
	classes = {
	};
	objectVersion = 46;
	objects = {

/* Begin PBXBuildFile section */
		CB7C7E7E1D53340A00EC3430 /* AppDelegate.swift in Sources */ = {isa = PBXBuildFile; fileRef = CB7C7E7D1D53340A00EC3430 /* AppDelegate.swift */; };
		CB7C7E801D53340A00EC3430 /* DemoViewController.swift in Sources */ = {isa = PBXBuildFile; fileRef = CB7C7E7F1D53340A00EC3430 /* DemoViewController.swift */; };
		CB7C7E831D53340A00EC3430 /* Main.storyboard in Resources */ = {isa = PBXBuildFile; fileRef = CB7C7E811D53340A00EC3430 /* Main.storyboard */; };
		CB7C7E851D53340A00EC3430 /* Assets.xcassets in Resources */ = {isa = PBXBuildFile; fileRef = CB7C7E841D53340A00EC3430 /* Assets.xcassets */; };
		CB7C7E881D53340A00EC3430 /* LaunchScreen.storyboard in Resources */ = {isa = PBXBuildFile; fileRef = CB7C7E861D53340A00EC3430 /* LaunchScreen.storyboard */; };
		CB7C7EA01D59BC4700EC3430 /* InstallViewController.swift in Sources */ = {isa = PBXBuildFile; fileRef = CB7C7E9F1D59BC4700EC3430 /* InstallViewController.swift */; };
		CB95E89E1D5B16510073EF53 /* TagViewController.swift in Sources */ = {isa = PBXBuildFile; fileRef = CB95E89C1D5B16510073EF53 /* TagViewController.swift */; };
		CB95E89F1D5B16510073EF53 /* TagViewController.xib in Resources */ = {isa = PBXBuildFile; fileRef = CB95E89D1D5B16510073EF53 /* TagViewController.xib */; };
		CB95E8A21D5C7FC60073EF53 /* LocationViewController.swift in Sources */ = {isa = PBXBuildFile; fileRef = CB95E8A01D5C7FC60073EF53 /* LocationViewController.swift */; };
		CB95E8A31D5C7FC60073EF53 /* LocationViewController.xib in Resources */ = {isa = PBXBuildFile; fileRef = CB95E8A11D5C7FC60073EF53 /* LocationViewController.xib */; };
		FD73930F57E1E7DA4A06EC2B /* libPods-StreetHawkDemo.a in Frameworks */ = {isa = PBXBuildFile; fileRef = BC694808020CAFB8C54AE475 /* libPods-StreetHawkDemo.a */; };
/* End PBXBuildFile section */

/* Begin PBXFileReference section */
		421698C0D2467C748087266D /* Pods-StreetHawkDemo.debug.xcconfig */ = {isa = PBXFileReference; includeInIndex = 1; lastKnownFileType = text.xcconfig; name = "Pods-StreetHawkDemo.debug.xcconfig"; path = "Pods/Target Support Files/Pods-StreetHawkDemo/Pods-StreetHawkDemo.debug.xcconfig"; sourceTree = "<group>"; };
		BC694808020CAFB8C54AE475 /* libPods-StreetHawkDemo.a */ = {isa = PBXFileReference; explicitFileType = archive.ar; includeInIndex = 0; path = "libPods-StreetHawkDemo.a"; sourceTree = BUILT_PRODUCTS_DIR; };
		CB7C7E7A1D53340A00EC3430 /* StreetHawkDemo.app */ = {isa = PBXFileReference; explicitFileType = wrapper.application; includeInIndex = 0; path = StreetHawkDemo.app; sourceTree = BUILT_PRODUCTS_DIR; };
		CB7C7E7D1D53340A00EC3430 /* AppDelegate.swift */ = {isa = PBXFileReference; lastKnownFileType = sourcecode.swift; path = AppDelegate.swift; sourceTree = "<group>"; };
		CB7C7E7F1D53340A00EC3430 /* DemoViewController.swift */ = {isa = PBXFileReference; lastKnownFileType = sourcecode.swift; path = DemoViewController.swift; sourceTree = "<group>"; };
		CB7C7E821D53340A00EC3430 /* Base */ = {isa = PBXFileReference; lastKnownFileType = file.storyboard; name = Base; path = Base.lproj/Main.storyboard; sourceTree = "<group>"; };
		CB7C7E841D53340A00EC3430 /* Assets.xcassets */ = {isa = PBXFileReference; lastKnownFileType = folder.assetcatalog; path = Assets.xcassets; sourceTree = "<group>"; };
		CB7C7E871D53340A00EC3430 /* Base */ = {isa = PBXFileReference; lastKnownFileType = file.storyboard; name = Base; path = Base.lproj/LaunchScreen.storyboard; sourceTree = "<group>"; };
		CB7C7E891D53340A00EC3430 /* Info.plist */ = {isa = PBXFileReference; lastKnownFileType = text.plist.xml; path = Info.plist; sourceTree = "<group>"; };
		CB7C7E8F1D53409100EC3430 /* StreetHawkDemo-Bridging-Header.h */ = {isa = PBXFileReference; lastKnownFileType = sourcecode.c.h; path = "StreetHawkDemo-Bridging-Header.h"; sourceTree = "<group>"; };
		CB7C7E9F1D59BC4700EC3430 /* InstallViewController.swift */ = {isa = PBXFileReference; fileEncoding = 4; lastKnownFileType = sourcecode.swift; path = InstallViewController.swift; sourceTree = "<group>"; };
		CB95E89C1D5B16510073EF53 /* TagViewController.swift */ = {isa = PBXFileReference; fileEncoding = 4; lastKnownFileType = sourcecode.swift; path = TagViewController.swift; sourceTree = "<group>"; };
		CB95E89D1D5B16510073EF53 /* TagViewController.xib */ = {isa = PBXFileReference; fileEncoding = 4; lastKnownFileType = file.xib; path = TagViewController.xib; sourceTree = "<group>"; };
		CB95E8A01D5C7FC60073EF53 /* LocationViewController.swift */ = {isa = PBXFileReference; fileEncoding = 4; lastKnownFileType = sourcecode.swift; path = LocationViewController.swift; sourceTree = "<group>"; };
		CB95E8A11D5C7FC60073EF53 /* LocationViewController.xib */ = {isa = PBXFileReference; fileEncoding = 4; lastKnownFileType = file.xib; path = LocationViewController.xib; sourceTree = "<group>"; };
		F45F2E952E93263D409E7589 /* Pods-StreetHawkDemo.release.xcconfig */ = {isa = PBXFileReference; includeInIndex = 1; lastKnownFileType = text.xcconfig; name = "Pods-StreetHawkDemo.release.xcconfig"; path = "Pods/Target Support Files/Pods-StreetHawkDemo/Pods-StreetHawkDemo.release.xcconfig"; sourceTree = "<group>"; };
/* End PBXFileReference section */

/* Begin PBXFrameworksBuildPhase section */
		CB7C7E771D53340900EC3430 /* Frameworks */ = {
			isa = PBXFrameworksBuildPhase;
			buildActionMask = 2147483647;
			files = (
				FD73930F57E1E7DA4A06EC2B /* libPods-StreetHawkDemo.a in Frameworks */,
			);
			runOnlyForDeploymentPostprocessing = 0;
		};
/* End PBXFrameworksBuildPhase section */

/* Begin PBXGroup section */
		96794E9FD3648E2F1C5EE23C /* Pods */ = {
			isa = PBXGroup;
			children = (
				421698C0D2467C748087266D /* Pods-StreetHawkDemo.debug.xcconfig */,
				F45F2E952E93263D409E7589 /* Pods-StreetHawkDemo.release.xcconfig */,
			);
			name = Pods;
			sourceTree = "<group>";
		};
		9AD341C64B4EBF4F1251D337 /* Frameworks */ = {
			isa = PBXGroup;
			children = (
				BC694808020CAFB8C54AE475 /* libPods-StreetHawkDemo.a */,
			);
			name = Frameworks;
			sourceTree = "<group>";
		};
		CB7C7E711D53340900EC3430 = {
			isa = PBXGroup;
			children = (
				CB7C7E8F1D53409100EC3430 /* StreetHawkDemo-Bridging-Header.h */,
				CB7C7E7C1D53340A00EC3430 /* Demo */,
				CB7C7E7B1D53340A00EC3430 /* Products */,
				96794E9FD3648E2F1C5EE23C /* Pods */,
				9AD341C64B4EBF4F1251D337 /* Frameworks */,
			);
			sourceTree = "<group>";
		};
		CB7C7E7B1D53340A00EC3430 /* Products */ = {
			isa = PBXGroup;
			children = (
				CB7C7E7A1D53340A00EC3430 /* StreetHawkDemo.app */,
			);
			name = Products;
			sourceTree = "<group>";
		};
		CB7C7E7C1D53340A00EC3430 /* Demo */ = {
			isa = PBXGroup;
			children = (
				CB7C7E7D1D53340A00EC3430 /* AppDelegate.swift */,
				CB7C7E7F1D53340A00EC3430 /* DemoViewController.swift */,
				CB7C7E9A1D59B63800EC3430 /* Core */,
				CB7C7E9B1D59B63F00EC3430 /* Growth */,
				CB7C7E9C1D59B64700EC3430 /* Location */,
				CB7C7E9D1D59B65000EC3430 /* Notification */,
				CB7C7E9E1D59B66000EC3430 /* Supporting Files */,
			);
			path = Demo;
			sourceTree = "<group>";
		};
		CB7C7E9A1D59B63800EC3430 /* Core */ = {
			isa = PBXGroup;
			children = (
				CB7C7E9F1D59BC4700EC3430 /* InstallViewController.swift */,
				CB95E89C1D5B16510073EF53 /* TagViewController.swift */,
				CB95E89D1D5B16510073EF53 /* TagViewController.xib */,
			);
			path = Core;
			sourceTree = "<group>";
		};
		CB7C7E9B1D59B63F00EC3430 /* Growth */ = {
			isa = PBXGroup;
			children = (
			);
			name = Growth;
			sourceTree = "<group>";
		};
		CB7C7E9C1D59B64700EC3430 /* Location */ = {
			isa = PBXGroup;
			children = (
				CB95E8A01D5C7FC60073EF53 /* LocationViewController.swift */,
				CB95E8A11D5C7FC60073EF53 /* LocationViewController.xib */,
			);
			path = Location;
			sourceTree = "<group>";
		};
		CB7C7E9D1D59B65000EC3430 /* Notification */ = {
			isa = PBXGroup;
			children = (
			);
			name = Notification;
			sourceTree = "<group>";
		};
		CB7C7E9E1D59B66000EC3430 /* Supporting Files */ = {
			isa = PBXGroup;
			children = (
				CB7C7E811D53340A00EC3430 /* Main.storyboard */,
				CB7C7E841D53340A00EC3430 /* Assets.xcassets */,
				CB7C7E861D53340A00EC3430 /* LaunchScreen.storyboard */,
				CB7C7E891D53340A00EC3430 /* Info.plist */,
			);
			path = "Supporting Files";
			sourceTree = "<group>";
		};
/* End PBXGroup section */

/* Begin PBXNativeTarget section */
		CB7C7E791D53340900EC3430 /* StreetHawkDemo */ = {
			isa = PBXNativeTarget;
			buildConfigurationList = CB7C7E8C1D53340A00EC3430 /* Build configuration list for PBXNativeTarget "StreetHawkDemo" */;
			buildPhases = (
				02DE1B72A9F21127531C433C /* [CP] Check Pods Manifest.lock */,
				CB7C7E761D53340900EC3430 /* Sources */,
				CB7C7E771D53340900EC3430 /* Frameworks */,
				CB7C7E781D53340900EC3430 /* Resources */,
				FC5CD8D00058294D90227EED /* [CP] Embed Pods Frameworks */,
				74419B1290ED157ADA29C760 /* [CP] Copy Pods Resources */,
			);
			buildRules = (
			);
			dependencies = (
			);
			name = StreetHawkDemo;
			productName = StreetHawkDemo;
			productReference = CB7C7E7A1D53340A00EC3430 /* StreetHawkDemo.app */;
			productType = "com.apple.product-type.application";
		};
/* End PBXNativeTarget section */

/* Begin PBXProject section */
		CB7C7E721D53340900EC3430 /* Project object */ = {
			isa = PBXProject;
			attributes = {
				LastSwiftUpdateCheck = 0730;
				LastUpgradeCheck = 0730;
				ORGANIZATIONNAME = StreetHawk;
				TargetAttributes = {
					CB7C7E791D53340900EC3430 = {
						CreatedOnToolsVersion = 7.3;
					};
				};
			};
			buildConfigurationList = CB7C7E751D53340900EC3430 /* Build configuration list for PBXProject "StreetHawkDemo" */;
			compatibilityVersion = "Xcode 3.2";
			developmentRegion = English;
			hasScannedForEncodings = 0;
			knownRegions = (
				en,
				Base,
			);
			mainGroup = CB7C7E711D53340900EC3430;
			productRefGroup = CB7C7E7B1D53340A00EC3430 /* Products */;
			projectDirPath = "";
			projectRoot = "";
			targets = (
				CB7C7E791D53340900EC3430 /* StreetHawkDemo */,
			);
		};
/* End PBXProject section */

/* Begin PBXResourcesBuildPhase section */
		CB7C7E781D53340900EC3430 /* Resources */ = {
			isa = PBXResourcesBuildPhase;
			buildActionMask = 2147483647;
			files = (
				CB7C7E881D53340A00EC3430 /* LaunchScreen.storyboard in Resources */,
				CB95E89F1D5B16510073EF53 /* TagViewController.xib in Resources */,
				CB7C7E851D53340A00EC3430 /* Assets.xcassets in Resources */,
				CB95E8A31D5C7FC60073EF53 /* LocationViewController.xib in Resources */,
				CB7C7E831D53340A00EC3430 /* Main.storyboard in Resources */,
			);
			runOnlyForDeploymentPostprocessing = 0;
		};
/* End PBXResourcesBuildPhase section */

/* Begin PBXShellScriptBuildPhase section */
		02DE1B72A9F21127531C433C /* [CP] Check Pods Manifest.lock */ = {
			isa = PBXShellScriptBuildPhase;
			buildActionMask = 2147483647;
			files = (
			);
			inputPaths = (
			);
			name = "[CP] Check Pods Manifest.lock";
			outputPaths = (
			);
			runOnlyForDeploymentPostprocessing = 0;
			shellPath = /bin/sh;
			shellScript = "diff \"${PODS_ROOT}/../Podfile.lock\" \"${PODS_ROOT}/Manifest.lock\" > /dev/null\nif [[ $? != 0 ]] ; then\n    cat << EOM\nerror: The sandbox is not in sync with the Podfile.lock. Run 'pod install' or update your CocoaPods installation.\nEOM\n    exit 1\nfi\n";
			showEnvVarsInLog = 0;
		};
		74419B1290ED157ADA29C760 /* [CP] Copy Pods Resources */ = {
			isa = PBXShellScriptBuildPhase;
			buildActionMask = 2147483647;
			files = (
			);
			inputPaths = (
			);
			name = "[CP] Copy Pods Resources";
			outputPaths = (
			);
			runOnlyForDeploymentPostprocessing = 0;
			shellPath = /bin/sh;
			shellScript = "\"${SRCROOT}/Pods/Target Support Files/Pods-StreetHawkDemo/Pods-StreetHawkDemo-resources.sh\"\n";
			showEnvVarsInLog = 0;
		};
		FC5CD8D00058294D90227EED /* [CP] Embed Pods Frameworks */ = {
			isa = PBXShellScriptBuildPhase;
			buildActionMask = 2147483647;
			files = (
			);
			inputPaths = (
			);
			name = "[CP] Embed Pods Frameworks";
			outputPaths = (
			);
			runOnlyForDeploymentPostprocessing = 0;
			shellPath = /bin/sh;
			shellScript = "\"${SRCROOT}/Pods/Target Support Files/Pods-StreetHawkDemo/Pods-StreetHawkDemo-frameworks.sh\"\n";
			showEnvVarsInLog = 0;
		};
/* End PBXShellScriptBuildPhase section */

/* Begin PBXSourcesBuildPhase section */
		CB7C7E761D53340900EC3430 /* Sources */ = {
			isa = PBXSourcesBuildPhase;
			buildActionMask = 2147483647;
			files = (
				CB95E8A21D5C7FC60073EF53 /* LocationViewController.swift in Sources */,
				CB7C7E801D53340A00EC3430 /* DemoViewController.swift in Sources */,
				CB95E89E1D5B16510073EF53 /* TagViewController.swift in Sources */,
				CB7C7E7E1D53340A00EC3430 /* AppDelegate.swift in Sources */,
				CB7C7EA01D59BC4700EC3430 /* InstallViewController.swift in Sources */,
			);
			runOnlyForDeploymentPostprocessing = 0;
		};
/* End PBXSourcesBuildPhase section */

/* Begin PBXVariantGroup section */
		CB7C7E811D53340A00EC3430 /* Main.storyboard */ = {
			isa = PBXVariantGroup;
			children = (
				CB7C7E821D53340A00EC3430 /* Base */,
			);
			name = Main.storyboard;
			sourceTree = "<group>";
		};
		CB7C7E861D53340A00EC3430 /* LaunchScreen.storyboard */ = {
			isa = PBXVariantGroup;
			children = (
				CB7C7E871D53340A00EC3430 /* Base */,
			);
			name = LaunchScreen.storyboard;
			sourceTree = "<group>";
		};
/* End PBXVariantGroup section */

/* Begin XCBuildConfiguration section */
		CB7C7E8A1D53340A00EC3430 /* Debug */ = {
			isa = XCBuildConfiguration;
			buildSettings = {
				ALWAYS_SEARCH_USER_PATHS = NO;
				CLANG_ANALYZER_NONNULL = YES;
				CLANG_CXX_LANGUAGE_STANDARD = "gnu++0x";
				CLANG_CXX_LIBRARY = "libc++";
				CLANG_ENABLE_MODULES = YES;
				CLANG_ENABLE_OBJC_ARC = YES;
				CLANG_WARN_BOOL_CONVERSION = YES;
				CLANG_WARN_CONSTANT_CONVERSION = YES;
				CLANG_WARN_DIRECT_OBJC_ISA_USAGE = YES_ERROR;
				CLANG_WARN_EMPTY_BODY = YES;
				CLANG_WARN_ENUM_CONVERSION = YES;
				CLANG_WARN_INT_CONVERSION = YES;
				CLANG_WARN_OBJC_ROOT_CLASS = YES_ERROR;
				CLANG_WARN_UNREACHABLE_CODE = YES;
				CLANG_WARN__DUPLICATE_METHOD_MATCH = YES;
				"CODE_SIGN_IDENTITY[sdk=iphoneos*]" = "iPhone Developer";
				COPY_PHASE_STRIP = NO;
				DEBUG_INFORMATION_FORMAT = dwarf;
				ENABLE_STRICT_OBJC_MSGSEND = YES;
				ENABLE_TESTABILITY = YES;
				GCC_C_LANGUAGE_STANDARD = gnu99;
				GCC_DYNAMIC_NO_PIC = NO;
				GCC_NO_COMMON_BLOCKS = YES;
				GCC_OPTIMIZATION_LEVEL = 0;
				GCC_PREPROCESSOR_DEFINITIONS = (
					"DEBUG=1",
					"$(inherited)",
				);
				GCC_WARN_64_TO_32_BIT_CONVERSION = YES;
				GCC_WARN_ABOUT_RETURN_TYPE = YES_ERROR;
				GCC_WARN_UNDECLARED_SELECTOR = YES;
				GCC_WARN_UNINITIALIZED_AUTOS = YES_AGGRESSIVE;
				GCC_WARN_UNUSED_FUNCTION = YES;
				GCC_WARN_UNUSED_VARIABLE = YES;
				IPHONEOS_DEPLOYMENT_TARGET = 9.3;
				MTL_ENABLE_DEBUG_INFO = YES;
				ONLY_ACTIVE_ARCH = YES;
				SDKROOT = iphoneos;
				SWIFT_OPTIMIZATION_LEVEL = "-Onone";
				TARGETED_DEVICE_FAMILY = "1,2";
			};
			name = Debug;
		};
		CB7C7E8B1D53340A00EC3430 /* Release */ = {
			isa = XCBuildConfiguration;
			buildSettings = {
				ALWAYS_SEARCH_USER_PATHS = NO;
				CLANG_ANALYZER_NONNULL = YES;
				CLANG_CXX_LANGUAGE_STANDARD = "gnu++0x";
				CLANG_CXX_LIBRARY = "libc++";
				CLANG_ENABLE_MODULES = YES;
				CLANG_ENABLE_OBJC_ARC = YES;
				CLANG_WARN_BOOL_CONVERSION = YES;
				CLANG_WARN_CONSTANT_CONVERSION = YES;
				CLANG_WARN_DIRECT_OBJC_ISA_USAGE = YES_ERROR;
				CLANG_WARN_EMPTY_BODY = YES;
				CLANG_WARN_ENUM_CONVERSION = YES;
				CLANG_WARN_INT_CONVERSION = YES;
				CLANG_WARN_OBJC_ROOT_CLASS = YES_ERROR;
				CLANG_WARN_UNREACHABLE_CODE = YES;
				CLANG_WARN__DUPLICATE_METHOD_MATCH = YES;
				"CODE_SIGN_IDENTITY[sdk=iphoneos*]" = "iPhone Developer";
				COPY_PHASE_STRIP = NO;
				DEBUG_INFORMATION_FORMAT = "dwarf-with-dsym";
				ENABLE_NS_ASSERTIONS = NO;
				ENABLE_STRICT_OBJC_MSGSEND = YES;
				GCC_C_LANGUAGE_STANDARD = gnu99;
				GCC_NO_COMMON_BLOCKS = YES;
				GCC_WARN_64_TO_32_BIT_CONVERSION = YES;
				GCC_WARN_ABOUT_RETURN_TYPE = YES_ERROR;
				GCC_WARN_UNDECLARED_SELECTOR = YES;
				GCC_WARN_UNINITIALIZED_AUTOS = YES_AGGRESSIVE;
				GCC_WARN_UNUSED_FUNCTION = YES;
				GCC_WARN_UNUSED_VARIABLE = YES;
				IPHONEOS_DEPLOYMENT_TARGET = 9.3;
				MTL_ENABLE_DEBUG_INFO = NO;
				SDKROOT = iphoneos;
				TARGETED_DEVICE_FAMILY = "1,2";
				VALIDATE_PRODUCT = YES;
			};
			name = Release;
		};
		CB7C7E8D1D53340A00EC3430 /* Debug */ = {
			isa = XCBuildConfiguration;
			baseConfigurationReference = 421698C0D2467C748087266D /* Pods-StreetHawkDemo.debug.xcconfig */;
			buildSettings = {
				ASSETCATALOG_COMPILER_APPICON_NAME = AppIcon;
				ASSETCATALOG_COMPILER_LAUNCHIMAGE_NAME = "Brand Assets";
				ENABLE_BITCODE = NO;
				INFOPLIST_FILE = "Demo/Supporting Files/Info.plist";
				IPHONEOS_DEPLOYMENT_TARGET = 7.0;
				LD_RUNPATH_SEARCH_PATHS = "$(inherited) @executable_path/Frameworks";
				PRODUCT_BUNDLE_IDENTIFIER = co.streethawk.SHSampleProd;
				PRODUCT_NAME = "$(TARGET_NAME)";
				SWIFT_OBJC_BRIDGING_HEADER = "StreetHawkDemo-Bridging-Header.h";
			};
			name = Debug;
		};
		CB7C7E8E1D53340A00EC3430 /* Release */ = {
			isa = XCBuildConfiguration;
			baseConfigurationReference = F45F2E952E93263D409E7589 /* Pods-StreetHawkDemo.release.xcconfig */;
			buildSettings = {
				ASSETCATALOG_COMPILER_APPICON_NAME = AppIcon;
				ASSETCATALOG_COMPILER_LAUNCHIMAGE_NAME = "Brand Assets";
				ENABLE_BITCODE = NO;
				INFOPLIST_FILE = "Demo/Supporting Files/Info.plist";
				IPHONEOS_DEPLOYMENT_TARGET = 7.0;
				LD_RUNPATH_SEARCH_PATHS = "$(inherited) @executable_path/Frameworks";
				PRODUCT_BUNDLE_IDENTIFIER = co.streethawk.SHSampleProd;
				PRODUCT_NAME = "$(TARGET_NAME)";
				SWIFT_OBJC_BRIDGING_HEADER = "StreetHawkDemo-Bridging-Header.h";
			};
			name = Release;
		};
/* End XCBuildConfiguration section */

/* Begin XCConfigurationList section */
		CB7C7E751D53340900EC3430 /* Build configuration list for PBXProject "StreetHawkDemo" */ = {
			isa = XCConfigurationList;
			buildConfigurations = (
				CB7C7E8A1D53340A00EC3430 /* Debug */,
				CB7C7E8B1D53340A00EC3430 /* Release */,
			);
			defaultConfigurationIsVisible = 0;
			defaultConfigurationName = Release;
		};
		CB7C7E8C1D53340A00EC3430 /* Build configuration list for PBXNativeTarget "StreetHawkDemo" */ = {
			isa = XCConfigurationList;
			buildConfigurations = (
				CB7C7E8D1D53340A00EC3430 /* Debug */,
				CB7C7E8E1D53340A00EC3430 /* Release */,
			);
			defaultConfigurationIsVisible = 0;
			defaultConfigurationName = Release;
		};
/* End XCConfigurationList section */
	};
	rootObject = CB7C7E721D53340900EC3430 /* Project object */;
}
