PODS:
  - AutoScrollLabel (0.4.3)
  - MBProgressHUD (1.0.0)
  - Reachability (3.2)
  - streethawk (1.8.9):
    - streethawk/Beacons (= 1.8.9)
    - streethawk/Core (= 1.8.9)
    - streethawk/Crash (= 1.8.9)
    - streethawk/Feed (= 1.8.9)
    - streethawk/Geofence (= 1.8.9)
    - streethawk/Growth (= 1.8.9)
    - streethawk/Locations (= 1.8.9)
    - streethawk/Push (= 1.8.9)
  - streethawk/Beacons (1.8.9):
    - Reachability
    - streethawk/Core
  - streethawk/Core (1.8.9):
    - MBProgressHUD
    - streethawk/Core/no-arc (= 1.8.9)
  - streethawk/Core/no-arc (1.8.9):
    - MBProgressHUD
  - streethawk/Crash (1.8.9):
    - streethawk/Core
  - streethawk/Feed (1.8.9):
    - streethawk/Core
  - streethawk/Geofence (1.8.9):
    - Reachability
    - streethawk/Core
  - streethawk/Growth (1.8.9):
    - streethawk/Core
  - streethawk/Locations (1.8.9):
    - Reachability
    - streethawk/Core
  - streethawk/Push (1.8.9):
    - AutoScrollLabel
    - streethawk/Core

DEPENDENCIES:
  - streethawk (from `../`)

EXTERNAL SOURCES:
  streethawk:
    :path: ../

SPEC CHECKSUMS:
  AutoScrollLabel: bee53a1d4532569b49cbecaf9b80ca003bed3767
  MBProgressHUD: 4890f671c94e8a0f3cf959aa731e9de2f036d71a
  Reachability: 33e18b67625424e47b6cde6d202dce689ad7af96
  streethawk: de172312104cdcea281da1c91b434d70118ea0d6

PODFILE CHECKSUM: 6779d8f8296815b867f6f7fea42c5b090d3bed08

COCOAPODS: 1.0.1
